// !$*UTF8*$!
{
	archiveVersion = 1;
	classes = {
	};
	objectVersion = 46;
	objects = {

/* Begin PBXBuildFile section */
		172CF9391F25ED5C00A7AEB1 /* ChatViewController.swift in Sources */ = {isa = PBXBuildFile; fileRef = 172CF9381F25ED5C00A7AEB1 /* ChatViewController.swift */; };
		17437EDA1F25C18A00AFFAF6 /* online.png in Resources */ = {isa = PBXBuildFile; fileRef = 17437ED81F25C18A00AFFAF6 /* online.png */; };
		17437EDB1F25C18A00AFFAF6 /* online@2x.png in Resources */ = {isa = PBXBuildFile; fileRef = 17437ED91F25C18A00AFFAF6 /* online@2x.png */; };
		1747732B1F20BC84006F20E7 /* SignupViewController.swift in Sources */ = {isa = PBXBuildFile; fileRef = 1747732A1F20BC84006F20E7 /* SignupViewController.swift */; };
		1747732E1F20CF43006F20E7 /* User.swift in Sources */ = {isa = PBXBuildFile; fileRef = 1747732D1F20CF43006F20E7 /* User.swift */; };
		174C9C981F221E41009AC02B /* InstagramActivityIndicator.swift in Sources */ = {isa = PBXBuildFile; fileRef = 174C9C971F221E41009AC02B /* InstagramActivityIndicator.swift */; };
		174C9C9A1F221E6D009AC02B /* Utils.swift in Sources */ = {isa = PBXBuildFile; fileRef = 174C9C991F221E6D009AC02B /* Utils.swift */; };
		175080681F208B6400EBBFFD /* GoogleService-Info.plist in Resources */ = {isa = PBXBuildFile; fileRef = 175080671F208B6400EBBFFD /* GoogleService-Info.plist */; };
		17599CB71F21C3F60063D392 /* Sticker.png in Resources */ = {isa = PBXBuildFile; fileRef = 17599CB61F21C3F60063D392 /* Sticker.png */; };
		175B612C1F1F2EBD0013919B /* AppDelegate.swift in Sources */ = {isa = PBXBuildFile; fileRef = 175B612B1F1F2EBD0013919B /* AppDelegate.swift */; };
		175B61311F1F2EBD0013919B /* Main.storyboard in Resources */ = {isa = PBXBuildFile; fileRef = 175B612F1F1F2EBD0013919B /* Main.storyboard */; };
		175B61331F1F2EBD0013919B /* Assets.xcassets in Resources */ = {isa = PBXBuildFile; fileRef = 175B61321F1F2EBD0013919B /* Assets.xcassets */; };
		175B61361F1F2EBD0013919B /* LaunchScreen.storyboard in Resources */ = {isa = PBXBuildFile; fileRef = 175B61341F1F2EBD0013919B /* LaunchScreen.storyboard */; };
		175F3D6B1F1F6DDA00A06997 /* FirebaseUtils.swift in Sources */ = {isa = PBXBuildFile; fileRef = 175F3D6A1F1F6DDA00A06997 /* FirebaseUtils.swift */; };
		175F3D6D1F1F6E3100A06997 /* LoginViewController.swift in Sources */ = {isa = PBXBuildFile; fileRef = 175F3D6C1F1F6E3100A06997 /* LoginViewController.swift */; };
		175F3D721F1F6E8100A06997 /* UserListViewController.swift in Sources */ = {isa = PBXBuildFile; fileRef = 175F3D711F1F6E8100A06997 /* UserListViewController.swift */; };
		175F3D741F1F6F0900A06997 /* AppFeatures.rtf in Resources */ = {isa = PBXBuildFile; fileRef = 175F3D731F1F6F0900A06997 /* AppFeatures.rtf */; };
		17600B341F2315FB009B0053 /* UserTableViewCell.swift in Sources */ = {isa = PBXBuildFile; fileRef = 17600B331F2315FB009B0053 /* UserTableViewCell.swift */; };
		980D12E9DCFF38FFD361D3F4 /* Pods_ATMessager.framework in Frameworks */ = {isa = PBXBuildFile; fileRef = 3F1FF8DBE2B6498E25F9045C /* Pods_ATMessager.framework */; };
		AE80B7861F23B295007641AC /* bgImg.jpg in Resources */ = {isa = PBXBuildFile; fileRef = AE80B7841F23B295007641AC /* bgImg.jpg */; };
		AE80B78D1F23B77F007641AC /* chat_icons.png in Resources */ = {isa = PBXBuildFile; fileRef = AE80B78C1F23B77F007641AC /* chat_icons.png */; };
/* End PBXBuildFile section */

/* Begin PBXFileReference section */
		172CF9381F25ED5C00A7AEB1 /* ChatViewController.swift */ = {isa = PBXFileReference; fileEncoding = 4; lastKnownFileType = sourcecode.swift; path = ChatViewController.swift; sourceTree = "<group>"; };
		17437ED81F25C18A00AFFAF6 /* online.png */ = {isa = PBXFileReference; lastKnownFileType = image.png; path = online.png; sourceTree = "<group>"; };
		17437ED91F25C18A00AFFAF6 /* online@2x.png */ = {isa = PBXFileReference; lastKnownFileType = image.png; path = "online@2x.png"; sourceTree = "<group>"; };
		1747732A1F20BC84006F20E7 /* SignupViewController.swift */ = {isa = PBXFileReference; fileEncoding = 4; lastKnownFileType = sourcecode.swift; path = SignupViewController.swift; sourceTree = "<group>"; };
		1747732D1F20CF43006F20E7 /* User.swift */ = {isa = PBXFileReference; fileEncoding = 4; lastKnownFileType = sourcecode.swift; path = User.swift; sourceTree = "<group>"; };
		174C9C921F2208CB009AC02B /* ATMessager-Bridging-Header.h */ = {isa = PBXFileReference; lastKnownFileType = sourcecode.c.h; path = "ATMessager-Bridging-Header.h"; sourceTree = SOURCE_ROOT; };
		174C9C971F221E41009AC02B /* InstagramActivityIndicator.swift */ = {isa = PBXFileReference; fileEncoding = 4; lastKnownFileType = sourcecode.swift; path = InstagramActivityIndicator.swift; sourceTree = "<group>"; };
		174C9C991F221E6D009AC02B /* Utils.swift */ = {isa = PBXFileReference; fileEncoding = 4; lastKnownFileType = sourcecode.swift; path = Utils.swift; sourceTree = "<group>"; };
		175080671F208B6400EBBFFD /* GoogleService-Info.plist */ = {isa = PBXFileReference; fileEncoding = 4; lastKnownFileType = text.plist.xml; path = "GoogleService-Info.plist"; sourceTree = "<group>"; };
		17599CB61F21C3F60063D392 /* Sticker.png */ = {isa = PBXFileReference; lastKnownFileType = image.png; path = Sticker.png; sourceTree = "<group>"; };
		175B61281F1F2EBD0013919B /* ATMessager.app */ = {isa = PBXFileReference; explicitFileType = wrapper.application; includeInIndex = 0; path = ATMessager.app; sourceTree = BUILT_PRODUCTS_DIR; };
		175B612B1F1F2EBD0013919B /* AppDelegate.swift */ = {isa = PBXFileReference; lastKnownFileType = sourcecode.swift; path = AppDelegate.swift; sourceTree = "<group>"; };
		175B61301F1F2EBD0013919B /* Base */ = {isa = PBXFileReference; lastKnownFileType = file.storyboard; name = Base; path = Base.lproj/Main.storyboard; sourceTree = "<group>"; };
		175B61321F1F2EBD0013919B /* Assets.xcassets */ = {isa = PBXFileReference; lastKnownFileType = folder.assetcatalog; path = Assets.xcassets; sourceTree = "<group>"; };
		175B61351F1F2EBD0013919B /* Base */ = {isa = PBXFileReference; lastKnownFileType = file.storyboard; name = Base; path = Base.lproj/LaunchScreen.storyboard; sourceTree = "<group>"; };
		175B61371F1F2EBD0013919B /* Info.plist */ = {isa = PBXFileReference; lastKnownFileType = text.plist.xml; path = Info.plist; sourceTree = "<group>"; };
		175F3D6A1F1F6DDA00A06997 /* FirebaseUtils.swift */ = {isa = PBXFileReference; fileEncoding = 4; lastKnownFileType = sourcecode.swift; path = FirebaseUtils.swift; sourceTree = "<group>"; };
		175F3D6C1F1F6E3100A06997 /* LoginViewController.swift */ = {isa = PBXFileReference; fileEncoding = 4; lastKnownFileType = sourcecode.swift; path = LoginViewController.swift; sourceTree = "<group>"; };
		175F3D711F1F6E8100A06997 /* UserListViewController.swift */ = {isa = PBXFileReference; fileEncoding = 4; lastKnownFileType = sourcecode.swift; path = UserListViewController.swift; sourceTree = "<group>"; };
		175F3D731F1F6F0900A06997 /* AppFeatures.rtf */ = {isa = PBXFileReference; fileEncoding = 4; lastKnownFileType = text.rtf; name = AppFeatures.rtf; path = ATMessager/AppFeatures.rtf; sourceTree = "<group>"; };
		17600B331F2315FB009B0053 /* UserTableViewCell.swift */ = {isa = PBXFileReference; fileEncoding = 4; lastKnownFileType = sourcecode.swift; path = UserTableViewCell.swift; sourceTree = "<group>"; };
		3F1FF8DBE2B6498E25F9045C /* Pods_ATMessager.framework */ = {isa = PBXFileReference; explicitFileType = wrapper.framework; includeInIndex = 0; path = Pods_ATMessager.framework; sourceTree = BUILT_PRODUCTS_DIR; };
		616832651EABDA2FCAC6FA66 /* Pods-ATMessager.release.xcconfig */ = {isa = PBXFileReference; includeInIndex = 1; lastKnownFileType = text.xcconfig; name = "Pods-ATMessager.release.xcconfig"; path = "Pods/Target Support Files/Pods-ATMessager/Pods-ATMessager.release.xcconfig"; sourceTree = "<group>"; };
		AE80B7841F23B295007641AC /* bgImg.jpg */ = {isa = PBXFileReference; lastKnownFileType = image.jpeg; path = bgImg.jpg; sourceTree = "<group>"; };
		AE80B78C1F23B77F007641AC /* chat_icons.png */ = {isa = PBXFileReference; lastKnownFileType = image.png; path = chat_icons.png; sourceTree = "<group>"; };
		CF4854A2598FD36177547E45 /* Pods-ATMessager.debug.xcconfig */ = {isa = PBXFileReference; includeInIndex = 1; lastKnownFileType = text.xcconfig; name = "Pods-ATMessager.debug.xcconfig"; path = "Pods/Target Support Files/Pods-ATMessager/Pods-ATMessager.debug.xcconfig"; sourceTree = "<group>"; };
/* End PBXFileReference section */

/* Begin PBXFrameworksBuildPhase section */
		175B61251F1F2EBD0013919B /* Frameworks */ = {
			isa = PBXFrameworksBuildPhase;
			buildActionMask = 2147483647;
			files = (
				980D12E9DCFF38FFD361D3F4 /* Pods_ATMessager.framework in Frameworks */,
			);
			runOnlyForDeploymentPostprocessing = 0;
		};
/* End PBXFrameworksBuildPhase section */

/* Begin PBXGroup section */
		1747732C1F20CF2C006F20E7 /* Model */ = {
			isa = PBXGroup;
			children = (
				1747732D1F20CF43006F20E7 /* User.swift */,
			);
			name = Model;
			sourceTree = "<group>";
		};
		174C9C951F221DDB009AC02B /* Utils */ = {
			isa = PBXGroup;
			children = (
				174C9C991F221E6D009AC02B /* Utils.swift */,
			);
			name = Utils;
			sourceTree = "<group>";
		};
		174C9C961F221E36009AC02B /* Lib */ = {
			isa = PBXGroup;
			children = (
				174C9C971F221E41009AC02B /* InstagramActivityIndicator.swift */,
			);
			name = Lib;
			sourceTree = "<group>";
		};
		175B611F1F1F2EBC0013919B = {
			isa = PBXGroup;
			children = (
				17599CB61F21C3F60063D392 /* Sticker.png */,
				175F3D731F1F6F0900A06997 /* AppFeatures.rtf */,
				175B612A1F1F2EBD0013919B /* ATMessager */,
				175B61291F1F2EBD0013919B /* Products */,
				4CEB0470EC56FE9BCB82CDE1 /* Pods */,
				A2FB555F8253B910AFB8F576 /* Frameworks */,
			);
			sourceTree = "<group>";
		};
		175B61291F1F2EBD0013919B /* Products */ = {
			isa = PBXGroup;
			children = (
				175B61281F1F2EBD0013919B /* ATMessager.app */,
			);
			name = Products;
			sourceTree = "<group>";
		};
		175B612A1F1F2EBD0013919B /* ATMessager */ = {
			isa = PBXGroup;
			children = (
				174C9C961F221E36009AC02B /* Lib */,
				1747732C1F20CF2C006F20E7 /* Model */,
				175F3D681F1F6DA400A06997 /* Utils */,
				175F3D671F1F6D8400A06997 /* AppDelegate */,
				175F3D661F1F6D6D00A06997 /* UI */,
				175F3D651F1F6D6000A06997 /* ViewController */,
				175B61371F1F2EBD0013919B /* Info.plist */,
				175080671F208B6400EBBFFD /* GoogleService-Info.plist */,
				174C9C921F2208CB009AC02B /* ATMessager-Bridging-Header.h */,
			);
			path = ATMessager;
			sourceTree = "<group>";
		};
		175F3D651F1F6D6000A06997 /* ViewController */ = {
			isa = PBXGroup;
			children = (
				175F3D6C1F1F6E3100A06997 /* LoginViewController.swift */,
				175F3D711F1F6E8100A06997 /* UserListViewController.swift */,
				1747732A1F20BC84006F20E7 /* SignupViewController.swift */,
				172CF9381F25ED5C00A7AEB1 /* ChatViewController.swift */,
			);
			name = ViewController;
			sourceTree = "<group>";
		};
		175F3D661F1F6D6D00A06997 /* UI */ = {
			isa = PBXGroup;
			children = (
				AE80B77F1F23983F007641AC /* Images */,
				17600B321F2315CE009B0053 /* UserTableViewCell */,
				175B612F1F1F2EBD0013919B /* Main.storyboard */,
				175B61321F1F2EBD0013919B /* Assets.xcassets */,
				175B61341F1F2EBD0013919B /* LaunchScreen.storyboard */,
			);
			name = UI;
			sourceTree = "<group>";
		};
		175F3D671F1F6D8400A06997 /* AppDelegate */ = {
			isa = PBXGroup;
			children = (
				175B612B1F1F2EBD0013919B /* AppDelegate.swift */,
			);
			name = AppDelegate;
			sourceTree = "<group>";
		};
		175F3D681F1F6DA400A06997 /* Utils */ = {
			isa = PBXGroup;
			children = (
				174C9C951F221DDB009AC02B /* Utils */,
				175F3D691F1F6DAB00A06997 /* GoogleFirebase */,
			);
			name = Utils;
			sourceTree = "<group>";
		};
		175F3D691F1F6DAB00A06997 /* GoogleFirebase */ = {
			isa = PBXGroup;
			children = (
				175F3D6A1F1F6DDA00A06997 /* FirebaseUtils.swift */,
			);
			name = GoogleFirebase;
			sourceTree = "<group>";
		};
		17600B321F2315CE009B0053 /* UserTableViewCell */ = {
			isa = PBXGroup;
			children = (
				17600B331F2315FB009B0053 /* UserTableViewCell.swift */,
			);
			name = UserTableViewCell;
			sourceTree = "<group>";
		};
		4CEB0470EC56FE9BCB82CDE1 /* Pods */ = {
			isa = PBXGroup;
			children = (
				CF4854A2598FD36177547E45 /* Pods-ATMessager.debug.xcconfig */,
				616832651EABDA2FCAC6FA66 /* Pods-ATMessager.release.xcconfig */,
			);
			name = Pods;
			sourceTree = "<group>";
		};
		A2FB555F8253B910AFB8F576 /* Frameworks */ = {
			isa = PBXGroup;
			children = (
				3F1FF8DBE2B6498E25F9045C /* Pods_ATMessager.framework */,
			);
			name = Frameworks;
			sourceTree = "<group>";
		};
		AE80B77F1F23983F007641AC /* Images */ = {
			isa = PBXGroup;
			children = (
				17437ED81F25C18A00AFFAF6 /* online.png */,
				17437ED91F25C18A00AFFAF6 /* online@2x.png */,
				AE80B78C1F23B77F007641AC /* chat_icons.png */,
				AE80B7841F23B295007641AC /* bgImg.jpg */,
			);
			name = Images;
			sourceTree = "<group>";
		};
/* End PBXGroup section */

/* Begin PBXNativeTarget section */
		175B61271F1F2EBD0013919B /* ATMessager */ = {
			isa = PBXNativeTarget;
			buildConfigurationList = 175B613A1F1F2EBD0013919B /* Build configuration list for PBXNativeTarget "ATMessager" */;
			buildPhases = (
				D03F8B881B7111DF1B4512A3 /* [CP] Check Pods Manifest.lock */,
				175B61241F1F2EBD0013919B /* Sources */,
				175B61251F1F2EBD0013919B /* Frameworks */,
				175B61261F1F2EBD0013919B /* Resources */,
				5890BA3C75049A0AAA926844 /* [CP] Embed Pods Frameworks */,
				FC5C2A145E4B6C9AD283DE79 /* [CP] Copy Pods Resources */,
			);
			buildRules = (
			);
			dependencies = (
			);
			name = ATMessager;
			productName = ATMessager;
			productReference = 175B61281F1F2EBD0013919B /* ATMessager.app */;
			productType = "com.apple.product-type.application";
		};
/* End PBXNativeTarget section */

/* Begin PBXProject section */
		175B61201F1F2EBC0013919B /* Project object */ = {
			isa = PBXProject;
			attributes = {
				LastSwiftUpdateCheck = 0830;
				LastUpgradeCheck = 0830;
				ORGANIZATIONNAME = "MOBILE MAC1";
				TargetAttributes = {
					175B61271F1F2EBD0013919B = {
						CreatedOnToolsVersion = 8.3.1;
						DevelopmentTeam = 5BEAANRWTZ;
						LastSwiftMigration = 0830;
						ProvisioningStyle = Automatic;
					};
				};
			};
			buildConfigurationList = 175B61231F1F2EBC0013919B /* Build configuration list for PBXProject "ATMessager" */;
			compatibilityVersion = "Xcode 3.2";
			developmentRegion = English;
			hasScannedForEncodings = 0;
			knownRegions = (
				en,
				Base,
			);
			mainGroup = 175B611F1F1F2EBC0013919B;
			productRefGroup = 175B61291F1F2EBD0013919B /* Products */;
			projectDirPath = "";
			projectRoot = "";
			targets = (
				175B61271F1F2EBD0013919B /* ATMessager */,
			);
		};
/* End PBXProject section */

/* Begin PBXResourcesBuildPhase section */
		175B61261F1F2EBD0013919B /* Resources */ = {
			isa = PBXResourcesBuildPhase;
			buildActionMask = 2147483647;
			files = (
				AE80B78D1F23B77F007641AC /* chat_icons.png in Resources */,
				175B61361F1F2EBD0013919B /* LaunchScreen.storyboard in Resources */,
				17599CB71F21C3F60063D392 /* Sticker.png in Resources */,
				17437EDB1F25C18A00AFFAF6 /* online@2x.png in Resources */,
				175F3D741F1F6F0900A06997 /* AppFeatures.rtf in Resources */,
				175080681F208B6400EBBFFD /* GoogleService-Info.plist in Resources */,
				175B61331F1F2EBD0013919B /* Assets.xcassets in Resources */,
				175B61311F1F2EBD0013919B /* Main.storyboard in Resources */,
				AE80B7861F23B295007641AC /* bgImg.jpg in Resources */,
				17437EDA1F25C18A00AFFAF6 /* online.png in Resources */,
			);
			runOnlyForDeploymentPostprocessing = 0;
		};
/* End PBXResourcesBuildPhase section */

/* Begin PBXShellScriptBuildPhase section */
		5890BA3C75049A0AAA926844 /* [CP] Embed Pods Frameworks */ = {
			isa = PBXShellScriptBuildPhase;
			buildActionMask = 2147483647;
			files = (
			);
			inputPaths = (
			);
			name = "[CP] Embed Pods Frameworks";
			outputPaths = (
			);
			runOnlyForDeploymentPostprocessing = 0;
			shellPath = /bin/sh;
			shellScript = "\"${SRCROOT}/Pods/Target Support Files/Pods-ATMessager/Pods-ATMessager-frameworks.sh\"\n";
			showEnvVarsInLog = 0;
		};
		D03F8B881B7111DF1B4512A3 /* [CP] Check Pods Manifest.lock */ = {
			isa = PBXShellScriptBuildPhase;
			buildActionMask = 2147483647;
			files = (
			);
			inputPaths = (
			);
			name = "[CP] Check Pods Manifest.lock";
			outputPaths = (
			);
			runOnlyForDeploymentPostprocessing = 0;
			shellPath = /bin/sh;
			shellScript = "diff \"${PODS_PODFILE_DIR_PATH}/Podfile.lock\" \"${PODS_ROOT}/Manifest.lock\" > /dev/null\nif [ $? != 0 ] ; then\n    # print error to STDERR\n    echo \"error: The sandbox is not in sync with the Podfile.lock. Run 'pod install' or update your CocoaPods installation.\" >&2\n    exit 1\nfi\n";
			showEnvVarsInLog = 0;
		};
		FC5C2A145E4B6C9AD283DE79 /* [CP] Copy Pods Resources */ = {
			isa = PBXShellScriptBuildPhase;
			buildActionMask = 2147483647;
			files = (
			);
			inputPaths = (
			);
			name = "[CP] Copy Pods Resources";
			outputPaths = (
			);
			runOnlyForDeploymentPostprocessing = 0;
			shellPath = /bin/sh;
			shellScript = "\"${SRCROOT}/Pods/Target Support Files/Pods-ATMessager/Pods-ATMessager-resources.sh\"\n";
			showEnvVarsInLog = 0;
		};
/* End PBXShellScriptBuildPhase section */

/* Begin PBXSourcesBuildPhase section */
		175B61241F1F2EBD0013919B /* Sources */ = {
			isa = PBXSourcesBuildPhase;
			buildActionMask = 2147483647;
			files = (
				174C9C981F221E41009AC02B /* InstagramActivityIndicator.swift in Sources */,
				17600B341F2315FB009B0053 /* UserTableViewCell.swift in Sources */,
				175F3D721F1F6E8100A06997 /* UserListViewController.swift in Sources */,
				175F3D6D1F1F6E3100A06997 /* LoginViewController.swift in Sources */,
				1747732E1F20CF43006F20E7 /* User.swift in Sources */,
				1747732B1F20BC84006F20E7 /* SignupViewController.swift in Sources */,
				175F3D6B1F1F6DDA00A06997 /* FirebaseUtils.swift in Sources */,
				175B612C1F1F2EBD0013919B /* AppDelegate.swift in Sources */,
				172CF9391F25ED5C00A7AEB1 /* ChatViewController.swift in Sources */,
				174C9C9A1F221E6D009AC02B /* Utils.swift in Sources */,
			);
			runOnlyForDeploymentPostprocessing = 0;
		};
/* End PBXSourcesBuildPhase section */

/* Begin PBXVariantGroup section */
		175B612F1F1F2EBD0013919B /* Main.storyboard */ = {
			isa = PBXVariantGroup;
			children = (
				175B61301F1F2EBD0013919B /* Base */,
			);
			name = Main.storyboard;
			sourceTree = "<group>";
		};
		175B61341F1F2EBD0013919B /* LaunchScreen.storyboard */ = {
			isa = PBXVariantGroup;
			children = (
				175B61351F1F2EBD0013919B /* Base */,
			);
			name = LaunchScreen.storyboard;
			sourceTree = "<group>";
		};
/* End PBXVariantGroup section */

/* Begin XCBuildConfiguration section */
		175B61381F1F2EBD0013919B /* Debug */ = {
			isa = XCBuildConfiguration;
			buildSettings = {
				ALWAYS_SEARCH_USER_PATHS = NO;
				CLANG_ANALYZER_NONNULL = YES;
				CLANG_ANALYZER_NUMBER_OBJECT_CONVERSION = YES_AGGRESSIVE;
				CLANG_CXX_LANGUAGE_STANDARD = "gnu++0x";
				CLANG_CXX_LIBRARY = "libc++";
				CLANG_ENABLE_MODULES = YES;
				CLANG_ENABLE_OBJC_ARC = YES;
				CLANG_WARN_BOOL_CONVERSION = YES;
				CLANG_WARN_CONSTANT_CONVERSION = YES;
				CLANG_WARN_DIRECT_OBJC_ISA_USAGE = YES_ERROR;
				CLANG_WARN_DOCUMENTATION_COMMENTS = YES;
				CLANG_WARN_EMPTY_BODY = YES;
				CLANG_WARN_ENUM_CONVERSION = YES;
				CLANG_WARN_INFINITE_RECURSION = YES;
				CLANG_WARN_INT_CONVERSION = YES;
				CLANG_WARN_OBJC_ROOT_CLASS = YES_ERROR;
				CLANG_WARN_SUSPICIOUS_MOVE = YES;
				CLANG_WARN_UNREACHABLE_CODE = YES;
				CLANG_WARN__DUPLICATE_METHOD_MATCH = YES;
				"CODE_SIGN_IDENTITY[sdk=iphoneos*]" = "iPhone Developer";
				COPY_PHASE_STRIP = NO;
				DEBUG_INFORMATION_FORMAT = dwarf;
				ENABLE_STRICT_OBJC_MSGSEND = YES;
				ENABLE_TESTABILITY = YES;
				GCC_C_LANGUAGE_STANDARD = gnu99;
				GCC_DYNAMIC_NO_PIC = NO;
				GCC_NO_COMMON_BLOCKS = YES;
				GCC_OPTIMIZATION_LEVEL = 0;
				GCC_PREPROCESSOR_DEFINITIONS = (
					"DEBUG=1",
					"$(inherited)",
				);
				GCC_WARN_64_TO_32_BIT_CONVERSION = YES;
				GCC_WARN_ABOUT_RETURN_TYPE = YES_ERROR;
				GCC_WARN_UNDECLARED_SELECTOR = YES;
				GCC_WARN_UNINITIALIZED_AUTOS = YES_AGGRESSIVE;
				GCC_WARN_UNUSED_FUNCTION = YES;
				GCC_WARN_UNUSED_VARIABLE = YES;
				IPHONEOS_DEPLOYMENT_TARGET = 10.3;
				MTL_ENABLE_DEBUG_INFO = YES;
				ONLY_ACTIVE_ARCH = YES;
				SDKROOT = iphoneos;
				SWIFT_ACTIVE_COMPILATION_CONDITIONS = DEBUG;
				SWIFT_OPTIMIZATION_LEVEL = "-Onone";
				TARGETED_DEVICE_FAMILY = "1,2";
			};
			name = Debug;
		};
		175B61391F1F2EBD0013919B /* Release */ = {
			isa = XCBuildConfiguration;
			buildSettings = {
				ALWAYS_SEARCH_USER_PATHS = NO;
				CLANG_ANALYZER_NONNULL = YES;
				CLANG_ANALYZER_NUMBER_OBJECT_CONVERSION = YES_AGGRESSIVE;
				CLANG_CXX_LANGUAGE_STANDARD = "gnu++0x";
				CLANG_CXX_LIBRARY = "libc++";
				CLANG_ENABLE_MODULES = YES;
				CLANG_ENABLE_OBJC_ARC = YES;
				CLANG_WARN_BOOL_CONVERSION = YES;
				CLANG_WARN_CONSTANT_CONVERSION = YES;
				CLANG_WARN_DIRECT_OBJC_ISA_USAGE = YES_ERROR;
				CLANG_WARN_DOCUMENTATION_COMMENTS = YES;
				CLANG_WARN_EMPTY_BODY = YES;
				CLANG_WARN_ENUM_CONVERSION = YES;
				CLANG_WARN_INFINITE_RECURSION = YES;
				CLANG_WARN_INT_CONVERSION = YES;
				CLANG_WARN_OBJC_ROOT_CLASS = YES_ERROR;
				CLANG_WARN_SUSPICIOUS_MOVE = YES;
				CLANG_WARN_UNREACHABLE_CODE = YES;
				CLANG_WARN__DUPLICATE_METHOD_MATCH = YES;
				"CODE_SIGN_IDENTITY[sdk=iphoneos*]" = "iPhone Developer";
				COPY_PHASE_STRIP = NO;
				DEBUG_INFORMATION_FORMAT = "dwarf-with-dsym";
				ENABLE_NS_ASSERTIONS = NO;
				ENABLE_STRICT_OBJC_MSGSEND = YES;
				GCC_C_LANGUAGE_STANDARD = gnu99;
				GCC_NO_COMMON_BLOCKS = YES;
				GCC_WARN_64_TO_32_BIT_CONVERSION = YES;
				GCC_WARN_ABOUT_RETURN_TYPE = YES_ERROR;
				GCC_WARN_UNDECLARED_SELECTOR = YES;
				GCC_WARN_UNINITIALIZED_AUTOS = YES_AGGRESSIVE;
				GCC_WARN_UNUSED_FUNCTION = YES;
				GCC_WARN_UNUSED_VARIABLE = YES;
				IPHONEOS_DEPLOYMENT_TARGET = 10.3;
				MTL_ENABLE_DEBUG_INFO = NO;
				SDKROOT = iphoneos;
				SWIFT_OPTIMIZATION_LEVEL = "-Owholemodule";
				TARGETED_DEVICE_FAMILY = "1,2";
				VALIDATE_PRODUCT = YES;
			};
			name = Release;
		};
		175B613B1F1F2EBD0013919B /* Debug */ = {
			isa = XCBuildConfiguration;
			baseConfigurationReference = CF4854A2598FD36177547E45 /* Pods-ATMessager.debug.xcconfig */;
			buildSettings = {
				ASSETCATALOG_COMPILER_APPICON_NAME = AppIcon;
				CLANG_ENABLE_MODULES = YES;
				DEVELOPMENT_TEAM = 5BEAANRWTZ;
				INFOPLIST_FILE = ATMessager/Info.plist;
				LD_RUNPATH_SEARCH_PATHS = "$(inherited) @executable_path/Frameworks";
				PRODUCT_BUNDLE_IDENTIFIER = com.Firebase.ATMessager;
				PRODUCT_NAME = "$(TARGET_NAME)";
				SWIFT_OBJC_BRIDGING_HEADER = "ATMessager-Bridging-Header.h";
				SWIFT_OPTIMIZATION_LEVEL = "-Onone";
				SWIFT_VERSION = 3.0;
			};
			name = Debug;
		};
		175B613C1F1F2EBD0013919B /* Release */ = {
			isa = XCBuildConfiguration;
			baseConfigurationReference = 616832651EABDA2FCAC6FA66 /* Pods-ATMessager.release.xcconfig */;
			buildSettings = {
				ASSETCATALOG_COMPILER_APPICON_NAME = AppIcon;
				CLANG_ENABLE_MODULES = YES;
				DEVELOPMENT_TEAM = 5BEAANRWTZ;
				INFOPLIST_FILE = ATMessager/Info.plist;
				LD_RUNPATH_SEARCH_PATHS = "$(inherited) @executable_path/Frameworks";
				PRODUCT_BUNDLE_IDENTIFIER = com.Firebase.ATMessager;
				PRODUCT_NAME = "$(TARGET_NAME)";
				SWIFT_OBJC_BRIDGING_HEADER = "ATMessager-Bridging-Header.h";
				SWIFT_VERSION = 3.0;
			};
			name = Release;
		};
/* End XCBuildConfiguration section */

/* Begin XCConfigurationList section */
		175B61231F1F2EBC0013919B /* Build configuration list for PBXProject "ATMessager" */ = {
			isa = XCConfigurationList;
			buildConfigurations = (
				175B61381F1F2EBD0013919B /* Debug */,
				175B61391F1F2EBD0013919B /* Release */,
			);
			defaultConfigurationIsVisible = 0;
			defaultConfigurationName = Release;
		};
		175B613A1F1F2EBD0013919B /* Build configuration list for PBXNativeTarget "ATMessager" */ = {
			isa = XCConfigurationList;
			buildConfigurations = (
				175B613B1F1F2EBD0013919B /* Debug */,
				175B613C1F1F2EBD0013919B /* Release */,
			);
			defaultConfigurationIsVisible = 0;
			defaultConfigurationName = Release;
		};
/* End XCConfigurationList section */
	};
	rootObject = 175B61201F1F2EBC0013919B /* Project object */;
}
